
Microsoft Visual Studio Solution File, Format Version 12.00
# Visual Studio Version 17
VisualStudioVersion = 17.2.32505.173
MinimumVisualStudioVersion = 10.0.40219.1
Project("{FAE04EC0-301F-11D3-BF4B-00C04F79EFBC}") = "RcCar_CodeBlock", "RcCar_CodeBlock\RcCar_CodeBlock.csproj", "{08FC7661-FB61-4D76-A737-099E671256CB}"
EndProject
Global
	GlobalSection(SolutionConfigurationPlatforms) = preSolution
		Debug|Any CPU = Debug|Any CPU
		Release|Any CPU = Release|Any CPU
	EndGlobalSection
	GlobalSection(ProjectConfigurationPlatforms) = postSolution
		{08FC7661-FB61-4D76-A737-099E671256CB}.Debug|Any CPU.ActiveCfg = Debug|Any CPU
		{08FC7661-FB61-4D76-A737-099E671256CB}.Debug|Any CPU.Build.0 = Debug|Any CPU
		{08FC7661-FB61-4D76-A737-099E671256CB}.Release|Any CPU.ActiveCfg = Release|Any CPU
		{08FC7661-FB61-4D76-A737-099E671256CB}.Release|Any CPU.Build.0 = Release|Any CPU
	EndGlobalSection
	GlobalSection(SolutionProperties) = preSolution
		HideSolutionNode = FALSE
	EndGlobalSection
	GlobalSection(ExtensibilityGlobals) = postSolution
		SolutionGuid = {94175442-0F78-413B-8D5C-57C0E3F54849}
	EndGlobalSection
EndGlobal
